
Microsoft Visual Studio Solution File, Format Version 12.00
# Visual Studio 2015
Project("{FAE04EC0-301F-11D3-BF4B-00C04F79EFBC}") = "ORCA-20190213", "ORCA-20190213.csproj", "{3C25D601-51D6-2669-A891-976C0411A027}"
EndProject
Global
	GlobalSection(SolutionConfigurationPlatforms) = preSolution
		Debug|Any CPU = Debug|Any CPU
		Release|Any CPU = Release|Any CPU
	EndGlobalSection
	GlobalSection(ProjectConfigurationPlatforms) = postSolution
		{3C25D601-51D6-2669-A891-976C0411A027}.Debug|Any CPU.ActiveCfg = Debug|Any CPU
		{3C25D601-51D6-2669-A891-976C0411A027}.Debug|Any CPU.Build.0 = Debug|Any CPU
		{3C25D601-51D6-2669-A891-976C0411A027}.Release|Any CPU.ActiveCfg = Release|Any CPU
		{3C25D601-51D6-2669-A891-976C0411A027}.Release|Any CPU.Build.0 = Release|Any CPU
	EndGlobalSection
	GlobalSection(SolutionProperties) = preSolution
		HideSolutionNode = FALSE
	EndGlobalSection
EndGlobal
